
Microsoft Visual Studio Solution File, Format Version 11.00
# Visual Studio 2010
Project("{FAE04EC0-301F-11D3-BF4B-00C04F79EFBC}") = "UnityProject_Gate_Unity5Iphone", "Assembly-CSharp.csproj", "{D81BC5EF-E7B9-6AF0-FC3E-25A47D69F01F}"
EndProject
Project("{FAE04EC0-301F-11D3-BF4B-00C04F79EFBC}") = "UnityProject_Gate_Unity5Iphone", "Assembly-CSharp-Editor.csproj", "{0DCF4EA8-5EB3-FAD1-9B40-33A4B9C70F72}"
EndProject
Global
	GlobalSection(SolutionConfigurationPlatforms) = preSolution
		Debug|Any CPU = Debug|Any CPU
		Release|Any CPU = Release|Any CPU
	EndGlobalSection
	GlobalSection(ProjectConfigurationPlatforms) = postSolution
		{D81BC5EF-E7B9-6AF0-FC3E-25A47D69F01F}.Debug|Any CPU.ActiveCfg = Debug|Any CPU
		{D81BC5EF-E7B9-6AF0-FC3E-25A47D69F01F}.Debug|Any CPU.Build.0 = Debug|Any CPU
		{D81BC5EF-E7B9-6AF0-FC3E-25A47D69F01F}.Release|Any CPU.ActiveCfg = Release|Any CPU
		{D81BC5EF-E7B9-6AF0-FC3E-25A47D69F01F}.Release|Any CPU.Build.0 = Release|Any CPU
		{0DCF4EA8-5EB3-FAD1-9B40-33A4B9C70F72}.Debug|Any CPU.ActiveCfg = Debug|Any CPU
		{0DCF4EA8-5EB3-FAD1-9B40-33A4B9C70F72}.Debug|Any CPU.Build.0 = Debug|Any CPU
		{0DCF4EA8-5EB3-FAD1-9B40-33A4B9C70F72}.Release|Any CPU.ActiveCfg = Release|Any CPU
		{0DCF4EA8-5EB3-FAD1-9B40-33A4B9C70F72}.Release|Any CPU.Build.0 = Release|Any CPU
	EndGlobalSection
	GlobalSection(SolutionProperties) = preSolution
		HideSolutionNode = FALSE
	EndGlobalSection
	GlobalSection(MonoDevelopProperties) = preSolution
		StartupItem = Assembly-CSharp.csproj
	EndGlobalSection
EndGlobal
